
Microsoft Visual Studio Solution File, Format Version 12.00
# Visual Studio 15
Project("{FAE04EC0-301F-11D3-BF4B-00C04F79EFBC}") = "Assembly-CSharp", "Assembly-CSharp.csproj", "{48CDD940-13BB-CE8C-6586-97880CD22B3B}"
EndProject
Project("{FAE04EC0-301F-11D3-BF4B-00C04F79EFBC}") = "Assembly-CSharp-Editor", "Assembly-CSharp-Editor.csproj", "{19F7C086-1E14-BCA5-AFBD-CF3B4D2BCCE5}"
EndProject
Global
	GlobalSection(SolutionConfigurationPlatforms) = preSolution
		Debug|Any CPU = Debug|Any CPU
		Release|Any CPU = Release|Any CPU
	EndGlobalSection
	GlobalSection(ProjectConfigurationPlatforms) = postSolution
		{48CDD940-13BB-CE8C-6586-97880CD22B3B}.Debug|Any CPU.ActiveCfg = Debug|Any CPU
		{48CDD940-13BB-CE8C-6586-97880CD22B3B}.Debug|Any CPU.Build.0 = Debug|Any CPU
		{48CDD940-13BB-CE8C-6586-97880CD22B3B}.Release|Any CPU.ActiveCfg = Release|Any CPU
		{48CDD940-13BB-CE8C-6586-97880CD22B3B}.Release|Any CPU.Build.0 = Release|Any CPU
		{19F7C086-1E14-BCA5-AFBD-CF3B4D2BCCE5}.Debug|Any CPU.ActiveCfg = Debug|Any CPU
		{19F7C086-1E14-BCA5-AFBD-CF3B4D2BCCE5}.Debug|Any CPU.Build.0 = Debug|Any CPU
		{19F7C086-1E14-BCA5-AFBD-CF3B4D2BCCE5}.Release|Any CPU.ActiveCfg = Release|Any CPU
		{19F7C086-1E14-BCA5-AFBD-CF3B4D2BCCE5}.Release|Any CPU.Build.0 = Release|Any CPU
	EndGlobalSection
	GlobalSection(SolutionProperties) = preSolution
		HideSolutionNode = FALSE
	EndGlobalSection
EndGlobal
